// !$*UTF8*$!
{
	archiveVersion = 1;
	classes = {
	};
	objectVersion = 56;
	objects = {

/* Begin PBXBuildFile section */
		841B43222BE87AC600D1B490 /* AppDelegate.swift in Sources */ = {isa = PBXBuildFile; fileRef = 841B43212BE87AC600D1B490 /* AppDelegate.swift */; };
		841B432B2BE87AC800D1B490 /* Assets.xcassets in Resources */ = {isa = PBXBuildFile; fileRef = 841B432A2BE87AC800D1B490 /* Assets.xcassets */; };
		841B432E2BE87AC800D1B490 /* Base in Resources */ = {isa = PBXBuildFile; fileRef = 841B432D2BE87AC800D1B490 /* Base */; };
		841B43392BE87AC900D1B490 /* RikkeifyTests.swift in Sources */ = {isa = PBXBuildFile; fileRef = 841B43382BE87AC900D1B490 /* RikkeifyTests.swift */; };
		841B43432BE87AC900D1B490 /* RikkeifyUITests.swift in Sources */ = {isa = PBXBuildFile; fileRef = 841B43422BE87AC900D1B490 /* RikkeifyUITests.swift */; };
		841B43452BE87AC900D1B490 /* RikkeifyUITestsLaunchTests.swift in Sources */ = {isa = PBXBuildFile; fileRef = 841B43442BE87AC900D1B490 /* RikkeifyUITestsLaunchTests.swift */; };
		841B436C2BE8965B00D1B490 /* TrackViewVC.swift in Sources */ = {isa = PBXBuildFile; fileRef = 841B436A2BE8965B00D1B490 /* TrackViewVC.swift */; };
		841B436D2BE8965B00D1B490 /* TrackViewVC.xib in Resources */ = {isa = PBXBuildFile; fileRef = 841B436B2BE8965B00D1B490 /* TrackViewVC.xib */; };
		84E8F12E2BE8E02900A59879 /* TrackOptionVC.swift in Sources */ = {isa = PBXBuildFile; fileRef = 84E8F12C2BE8E02900A59879 /* TrackOptionVC.swift */; };
		84E8F12F2BE8E02900A59879 /* TrackOptionVC.xib in Resources */ = {isa = PBXBuildFile; fileRef = 84E8F12D2BE8E02900A59879 /* TrackOptionVC.xib */; };
		84E8F1332BE8E53E00A59879 /* TrackOptionTableViewCell.swift in Sources */ = {isa = PBXBuildFile; fileRef = 84E8F1312BE8E53E00A59879 /* TrackOptionTableViewCell.swift */; };
		84E8F1342BE8E53E00A59879 /* TrackOptionTableViewCell.xib in Resources */ = {isa = PBXBuildFile; fileRef = 84E8F1322BE8E53E00A59879 /* TrackOptionTableViewCell.xib */; };
		84E8F1362BE8E96E00A59879 /* TrackOptionVM.swift in Sources */ = {isa = PBXBuildFile; fileRef = 84E8F1352BE8E96E00A59879 /* TrackOptionVM.swift */; };
		84F771872BE9C27A006379BB /* TrackOption.swift in Sources */ = {isa = PBXBuildFile; fileRef = 84F771862BE9C27A006379BB /* TrackOption.swift */; };
		84F7718A2BE9CBF4006379BB /* IntrinsicTableView.swift in Sources */ = {isa = PBXBuildFile; fileRef = 84F771892BE9CBF4006379BB /* IntrinsicTableView.swift */; };
		84F771902BE9DD28006379BB /* LyricViewVC.xib in Resources */ = {isa = PBXBuildFile; fileRef = 84F7718F2BE9DD28006379BB /* LyricViewVC.xib */; };
		84F771912BE9DD28006379BB /* LyricViewVC.swift in Sources */ = {isa = PBXBuildFile; fileRef = 84F7718E2BE9DD28006379BB /* LyricViewVC.swift */; };
		84F771932BE9DF09006379BB /* Lyric.swift in Sources */ = {isa = PBXBuildFile; fileRef = 84F771922BE9DF09006379BB /* Lyric.swift */; };
		84F771952BE9EA3A006379BB /* Album.swift in Sources */ = {isa = PBXBuildFile; fileRef = 84F771942BE9EA3A006379BB /* Album.swift */; };
		84F771992BE9EA64006379BB /* Image.swift in Sources */ = {isa = PBXBuildFile; fileRef = 84F771982BE9EA64006379BB /* Image.swift */; };
		84F7719B2BE9EA77006379BB /* Artist.swift in Sources */ = {isa = PBXBuildFile; fileRef = 84F7719A2BE9EA77006379BB /* Artist.swift */; };
		84F7719D2BE9FEA7006379BB /* Audio.swift in Sources */ = {isa = PBXBuildFile; fileRef = 84F7719C2BE9FEA7006379BB /* Audio.swift */; };
		84F771A02BEA068A006379BB /* UIImage+Ext.swift in Sources */ = {isa = PBXBuildFile; fileRef = 84F7719F2BEA068A006379BB /* UIImage+Ext.swift */; };
		84F771A42BEA0998006379BB /* TrackViewLyricTableViewCell.xib in Resources */ = {isa = PBXBuildFile; fileRef = 84F771A32BEA0998006379BB /* TrackViewLyricTableViewCell.xib */; };
		84F771A52BEA0998006379BB /* TrackViewLyricTableViewCell.swift in Sources */ = {isa = PBXBuildFile; fileRef = 84F771A22BEA0998006379BB /* TrackViewLyricTableViewCell.swift */; };
		84F771A72BEA1115006379BB /* LyricViewVM.swift in Sources */ = {isa = PBXBuildFile; fileRef = 84F771A62BEA1115006379BB /* LyricViewVM.swift */; };
		FA75A8872BE9491700FEB35F /* Track.swift in Sources */ = {isa = PBXBuildFile; fileRef = FA75A8862BE9491700FEB35F /* Track.swift */; };
		FA75A8892BE94A5A00FEB35F /* TrackViewVM.swift in Sources */ = {isa = PBXBuildFile; fileRef = FA75A8882BE94A5A00FEB35F /* TrackViewVM.swift */; };
/* End PBXBuildFile section */

/* Begin PBXContainerItemProxy section */
		841B43352BE87AC900D1B490 /* PBXContainerItemProxy */ = {
			isa = PBXContainerItemProxy;
			containerPortal = 841B43162BE87AC600D1B490 /* Project object */;
			proxyType = 1;
			remoteGlobalIDString = 841B431D2BE87AC600D1B490;
			remoteInfo = Rikkeify;
		};
		841B433F2BE87AC900D1B490 /* PBXContainerItemProxy */ = {
			isa = PBXContainerItemProxy;
			containerPortal = 841B43162BE87AC600D1B490 /* Project object */;
			proxyType = 1;
			remoteGlobalIDString = 841B431D2BE87AC600D1B490;
			remoteInfo = Rikkeify;
		};
/* End PBXContainerItemProxy section */

/* Begin PBXFileReference section */
		841B431E2BE87AC600D1B490 /* Rikkeify.app */ = {isa = PBXFileReference; explicitFileType = wrapper.application; includeInIndex = 0; path = Rikkeify.app; sourceTree = BUILT_PRODUCTS_DIR; };
		841B43212BE87AC600D1B490 /* AppDelegate.swift */ = {isa = PBXFileReference; lastKnownFileType = sourcecode.swift; path = AppDelegate.swift; sourceTree = "<group>"; };
		841B432A2BE87AC800D1B490 /* Assets.xcassets */ = {isa = PBXFileReference; lastKnownFileType = folder.assetcatalog; path = Assets.xcassets; sourceTree = "<group>"; };
		841B432D2BE87AC800D1B490 /* Base */ = {isa = PBXFileReference; lastKnownFileType = file.storyboard; name = Base; path = Base.lproj/LaunchScreen.storyboard; sourceTree = "<group>"; };
		841B432F2BE87AC800D1B490 /* Info.plist */ = {isa = PBXFileReference; lastKnownFileType = text.plist.xml; path = Info.plist; sourceTree = "<group>"; };
		841B43342BE87AC900D1B490 /* RikkeifyTests.xctest */ = {isa = PBXFileReference; explicitFileType = wrapper.cfbundle; includeInIndex = 0; path = RikkeifyTests.xctest; sourceTree = BUILT_PRODUCTS_DIR; };
		841B43382BE87AC900D1B490 /* RikkeifyTests.swift */ = {isa = PBXFileReference; lastKnownFileType = sourcecode.swift; path = RikkeifyTests.swift; sourceTree = "<group>"; };
		841B433E2BE87AC900D1B490 /* RikkeifyUITests.xctest */ = {isa = PBXFileReference; explicitFileType = wrapper.cfbundle; includeInIndex = 0; path = RikkeifyUITests.xctest; sourceTree = BUILT_PRODUCTS_DIR; };
		841B43422BE87AC900D1B490 /* RikkeifyUITests.swift */ = {isa = PBXFileReference; lastKnownFileType = sourcecode.swift; path = RikkeifyUITests.swift; sourceTree = "<group>"; };
		841B43442BE87AC900D1B490 /* RikkeifyUITestsLaunchTests.swift */ = {isa = PBXFileReference; lastKnownFileType = sourcecode.swift; path = RikkeifyUITestsLaunchTests.swift; sourceTree = "<group>"; };
		841B436A2BE8965B00D1B490 /* TrackViewVC.swift */ = {isa = PBXFileReference; lastKnownFileType = sourcecode.swift; path = TrackViewVC.swift; sourceTree = "<group>"; };
		841B436B2BE8965B00D1B490 /* TrackViewVC.xib */ = {isa = PBXFileReference; lastKnownFileType = file.xib; path = TrackViewVC.xib; sourceTree = "<group>"; };
		84E8F12C2BE8E02900A59879 /* TrackOptionVC.swift */ = {isa = PBXFileReference; lastKnownFileType = sourcecode.swift; path = TrackOptionVC.swift; sourceTree = "<group>"; };
		84E8F12D2BE8E02900A59879 /* TrackOptionVC.xib */ = {isa = PBXFileReference; lastKnownFileType = file.xib; path = TrackOptionVC.xib; sourceTree = "<group>"; };
		84E8F1312BE8E53E00A59879 /* TrackOptionTableViewCell.swift */ = {isa = PBXFileReference; lastKnownFileType = sourcecode.swift; path = TrackOptionTableViewCell.swift; sourceTree = "<group>"; };
		84E8F1322BE8E53E00A59879 /* TrackOptionTableViewCell.xib */ = {isa = PBXFileReference; lastKnownFileType = file.xib; path = TrackOptionTableViewCell.xib; sourceTree = "<group>"; };
		84E8F1352BE8E96E00A59879 /* TrackOptionVM.swift */ = {isa = PBXFileReference; lastKnownFileType = sourcecode.swift; path = TrackOptionVM.swift; sourceTree = "<group>"; };
		84F771862BE9C27A006379BB /* TrackOption.swift */ = {isa = PBXFileReference; lastKnownFileType = sourcecode.swift; path = TrackOption.swift; sourceTree = "<group>"; };
		84F771892BE9CBF4006379BB /* IntrinsicTableView.swift */ = {isa = PBXFileReference; lastKnownFileType = sourcecode.swift; path = IntrinsicTableView.swift; sourceTree = "<group>"; };
		84F7718E2BE9DD28006379BB /* LyricViewVC.swift */ = {isa = PBXFileReference; lastKnownFileType = sourcecode.swift; path = LyricViewVC.swift; sourceTree = "<group>"; };
		84F7718F2BE9DD28006379BB /* LyricViewVC.xib */ = {isa = PBXFileReference; lastKnownFileType = file.xib; path = LyricViewVC.xib; sourceTree = "<group>"; };
		84F771922BE9DF09006379BB /* Lyric.swift */ = {isa = PBXFileReference; lastKnownFileType = sourcecode.swift; path = Lyric.swift; sourceTree = "<group>"; };
		84F771942BE9EA3A006379BB /* Album.swift */ = {isa = PBXFileReference; lastKnownFileType = sourcecode.swift; path = Album.swift; sourceTree = "<group>"; };
		84F771982BE9EA64006379BB /* Image.swift */ = {isa = PBXFileReference; lastKnownFileType = sourcecode.swift; path = Image.swift; sourceTree = "<group>"; };
		84F7719A2BE9EA77006379BB /* Artist.swift */ = {isa = PBXFileReference; lastKnownFileType = sourcecode.swift; path = Artist.swift; sourceTree = "<group>"; };
		84F7719C2BE9FEA7006379BB /* Audio.swift */ = {isa = PBXFileReference; lastKnownFileType = sourcecode.swift; path = Audio.swift; sourceTree = "<group>"; };
		84F7719F2BEA068A006379BB /* UIImage+Ext.swift */ = {isa = PBXFileReference; lastKnownFileType = sourcecode.swift; path = "UIImage+Ext.swift"; sourceTree = "<group>"; };
		84F771A22BEA0998006379BB /* TrackViewLyricTableViewCell.swift */ = {isa = PBXFileReference; lastKnownFileType = sourcecode.swift; path = TrackViewLyricTableViewCell.swift; sourceTree = "<group>"; };
		84F771A32BEA0998006379BB /* TrackViewLyricTableViewCell.xib */ = {isa = PBXFileReference; lastKnownFileType = file.xib; path = TrackViewLyricTableViewCell.xib; sourceTree = "<group>"; };
		84F771A62BEA1115006379BB /* LyricViewVM.swift */ = {isa = PBXFileReference; lastKnownFileType = sourcecode.swift; path = LyricViewVM.swift; sourceTree = "<group>"; };
		FA75A8862BE9491700FEB35F /* Track.swift */ = {isa = PBXFileReference; lastKnownFileType = sourcecode.swift; path = Track.swift; sourceTree = "<group>"; };
		FA75A8882BE94A5A00FEB35F /* TrackViewVM.swift */ = {isa = PBXFileReference; lastKnownFileType = sourcecode.swift; path = TrackViewVM.swift; sourceTree = "<group>"; };
/* End PBXFileReference section */

/* Begin PBXFrameworksBuildPhase section */
		841B431B2BE87AC600D1B490 /* Frameworks */ = {
			isa = PBXFrameworksBuildPhase;
			buildActionMask = 2147483647;
			files = (
			);
			runOnlyForDeploymentPostprocessing = 0;
		};
		841B43312BE87AC900D1B490 /* Frameworks */ = {
			isa = PBXFrameworksBuildPhase;
			buildActionMask = 2147483647;
			files = (
			);
			runOnlyForDeploymentPostprocessing = 0;
		};
		841B433B2BE87AC900D1B490 /* Frameworks */ = {
			isa = PBXFrameworksBuildPhase;
			buildActionMask = 2147483647;
			files = (
			);
			runOnlyForDeploymentPostprocessing = 0;
		};
/* End PBXFrameworksBuildPhase section */

/* Begin PBXGroup section */
		841B43152BE87AC600D1B490 = {
			isa = PBXGroup;
			children = (
				841B43202BE87AC600D1B490 /* Rikkeify */,
				841B43372BE87AC900D1B490 /* RikkeifyTests */,
				841B43412BE87AC900D1B490 /* RikkeifyUITests */,
				841B431F2BE87AC600D1B490 /* Products */,
			);
			sourceTree = "<group>";
		};
		841B431F2BE87AC600D1B490 /* Products */ = {
			isa = PBXGroup;
			children = (
				841B431E2BE87AC600D1B490 /* Rikkeify.app */,
				841B43342BE87AC900D1B490 /* RikkeifyTests.xctest */,
				841B433E2BE87AC900D1B490 /* RikkeifyUITests.xctest */,
			);
			name = Products;
			sourceTree = "<group>";
		};
		841B43202BE87AC600D1B490 /* Rikkeify */ = {
			isa = PBXGroup;
			children = (
				841B43512BE87D1E00D1B490 /* GlobalDefine */,
				841B43602BE884A800D1B490 /* Application */,
				FA75A8812BE9487E00FEB35F /* Domain */,
				841B43532BE87D4B00D1B490 /* Resources */,
			);
			path = Rikkeify;
			sourceTree = "<group>";
		};
		841B43372BE87AC900D1B490 /* RikkeifyTests */ = {
			isa = PBXGroup;
			children = (
				841B43382BE87AC900D1B490 /* RikkeifyTests.swift */,
			);
			path = RikkeifyTests;
			sourceTree = "<group>";
		};
		841B43412BE87AC900D1B490 /* RikkeifyUITests */ = {
			isa = PBXGroup;
			children = (
				841B43422BE87AC900D1B490 /* RikkeifyUITests.swift */,
				841B43442BE87AC900D1B490 /* RikkeifyUITestsLaunchTests.swift */,
			);
			path = RikkeifyUITests;
			sourceTree = "<group>";
		};
		841B43512BE87D1E00D1B490 /* GlobalDefine */ = {
			isa = PBXGroup;
			children = (
				841B432F2BE87AC800D1B490 /* Info.plist */,
				841B43212BE87AC600D1B490 /* AppDelegate.swift */,
			);
			path = GlobalDefine;
			sourceTree = "<group>";
		};
		841B43522BE87D3400D1B490 /* ViewControllers */ = {
			isa = PBXGroup;
			children = (
				841B432C2BE87AC800D1B490 /* LaunchScreen.storyboard */,
				841B43682BE88E5800D1B490 /* PlayBack */,
			);
			path = ViewControllers;
			sourceTree = "<group>";
		};
		841B43532BE87D4B00D1B490 /* Resources */ = {
			isa = PBXGroup;
			children = (
				841B432A2BE87AC800D1B490 /* Assets.xcassets */,
			);
			path = Resources;
			sourceTree = "<group>";
		};
		841B43602BE884A800D1B490 /* Application */ = {
			isa = PBXGroup;
			children = (
				841B43522BE87D3400D1B490 /* ViewControllers */,
				84F7719E2BEA0674006379BB /* Extensions */,
				84F771882BE9CB97006379BB /* Views */,
			);
			path = Application;
			sourceTree = "<group>";
		};
		841B43682BE88E5800D1B490 /* PlayBack */ = {
			isa = PBXGroup;
			children = (
				84F771A12BEA096B006379BB /* Cell */,
				841B43692BE88E6100D1B490 /* TrackViewVC */,
				84F7718B2BE9D8D2006379BB /* LyricViewVC */,
				84E8F12B2BE8E01100A59879 /* TrackOptionVC */,
			);
			path = PlayBack;
			sourceTree = "<group>";
		};
		841B43692BE88E6100D1B490 /* TrackViewVC */ = {
			isa = PBXGroup;
			children = (
				FA75A8882BE94A5A00FEB35F /* TrackViewVM.swift */,
				841B436A2BE8965B00D1B490 /* TrackViewVC.swift */,
				841B436B2BE8965B00D1B490 /* TrackViewVC.xib */,
			);
			path = TrackViewVC;
			sourceTree = "<group>";
		};
		84E8F12B2BE8E01100A59879 /* TrackOptionVC */ = {
			isa = PBXGroup;
			children = (
				84E8F1302BE8E51F00A59879 /* Cell */,
				84E8F1352BE8E96E00A59879 /* TrackOptionVM.swift */,
				84E8F12C2BE8E02900A59879 /* TrackOptionVC.swift */,
				84E8F12D2BE8E02900A59879 /* TrackOptionVC.xib */,
			);
			path = TrackOptionVC;
			sourceTree = "<group>";
		};
		84E8F1302BE8E51F00A59879 /* Cell */ = {
			isa = PBXGroup;
			children = (
				84E8F1312BE8E53E00A59879 /* TrackOptionTableViewCell.swift */,
				84E8F1322BE8E53E00A59879 /* TrackOptionTableViewCell.xib */,
			);
			path = Cell;
			sourceTree = "<group>";
		};
		84F771882BE9CB97006379BB /* Views */ = {
			isa = PBXGroup;
			children = (
				84F771892BE9CBF4006379BB /* IntrinsicTableView.swift */,
			);
			path = Views;
			sourceTree = "<group>";
		};
		84F7718B2BE9D8D2006379BB /* LyricViewVC */ = {
			isa = PBXGroup;
			children = (
				84F771A62BEA1115006379BB /* LyricViewVM.swift */,
				84F7718E2BE9DD28006379BB /* LyricViewVC.swift */,
				84F7718F2BE9DD28006379BB /* LyricViewVC.xib */,
			);
			path = LyricViewVC;
			sourceTree = "<group>";
		};
		84F7719E2BEA0674006379BB /* Extensions */ = {
			isa = PBXGroup;
			children = (
				84F7719F2BEA068A006379BB /* UIImage+Ext.swift */,
			);
			path = Extensions;
			sourceTree = "<group>";
		};
		84F771A12BEA096B006379BB /* Cell */ = {
			isa = PBXGroup;
			children = (
				84F771A22BEA0998006379BB /* TrackViewLyricTableViewCell.swift */,
				84F771A32BEA0998006379BB /* TrackViewLyricTableViewCell.xib */,
			);
			path = Cell;
			sourceTree = "<group>";
		};
		FA75A8812BE9487E00FEB35F /* Domain */ = {
			isa = PBXGroup;
			children = (
				FA75A8842BE948DD00FEB35F /* Models */,
			);
			path = Domain;
			sourceTree = "<group>";
		};
		FA75A8842BE948DD00FEB35F /* Models */ = {
			isa = PBXGroup;
			children = (
				FA75A8862BE9491700FEB35F /* Track.swift */,
				84F771862BE9C27A006379BB /* TrackOption.swift */,
				84F771922BE9DF09006379BB /* Lyric.swift */,
				84F771942BE9EA3A006379BB /* Album.swift */,
				84F771982BE9EA64006379BB /* Image.swift */,
				84F7719A2BE9EA77006379BB /* Artist.swift */,
				84F7719C2BE9FEA7006379BB /* Audio.swift */,
			);
			path = Models;
			sourceTree = "<group>";
		};
/* End PBXGroup section */

/* Begin PBXNativeTarget section */
		841B431D2BE87AC600D1B490 /* Rikkeify */ = {
			isa = PBXNativeTarget;
			buildConfigurationList = 841B43482BE87AC900D1B490 /* Build configuration list for PBXNativeTarget "Rikkeify" */;
			buildPhases = (
				841B431A2BE87AC600D1B490 /* Sources */,
				841B431B2BE87AC600D1B490 /* Frameworks */,
				841B431C2BE87AC600D1B490 /* Resources */,
			);
			buildRules = (
			);
			dependencies = (
			);
			name = Rikkeify;
			productName = Rikkeify;
			productReference = 841B431E2BE87AC600D1B490 /* Rikkeify.app */;
			productType = "com.apple.product-type.application";
		};
		841B43332BE87AC900D1B490 /* RikkeifyTests */ = {
			isa = PBXNativeTarget;
			buildConfigurationList = 841B434B2BE87AC900D1B490 /* Build configuration list for PBXNativeTarget "RikkeifyTests" */;
			buildPhases = (
				841B43302BE87AC900D1B490 /* Sources */,
				841B43312BE87AC900D1B490 /* Frameworks */,
				841B43322BE87AC900D1B490 /* Resources */,
			);
			buildRules = (
			);
			dependencies = (
				841B43362BE87AC900D1B490 /* PBXTargetDependency */,
			);
			name = RikkeifyTests;
			productName = RikkeifyTests;
			productReference = 841B43342BE87AC900D1B490 /* RikkeifyTests.xctest */;
			productType = "com.apple.product-type.bundle.unit-test";
		};
		841B433D2BE87AC900D1B490 /* RikkeifyUITests */ = {
			isa = PBXNativeTarget;
			buildConfigurationList = 841B434E2BE87AC900D1B490 /* Build configuration list for PBXNativeTarget "RikkeifyUITests" */;
			buildPhases = (
				841B433A2BE87AC900D1B490 /* Sources */,
				841B433B2BE87AC900D1B490 /* Frameworks */,
				841B433C2BE87AC900D1B490 /* Resources */,
			);
			buildRules = (
			);
			dependencies = (
				841B43402BE87AC900D1B490 /* PBXTargetDependency */,
			);
			name = RikkeifyUITests;
			productName = RikkeifyUITests;
			productReference = 841B433E2BE87AC900D1B490 /* RikkeifyUITests.xctest */;
			productType = "com.apple.product-type.bundle.ui-testing";
		};
/* End PBXNativeTarget section */

/* Begin PBXProject section */
		841B43162BE87AC600D1B490 /* Project object */ = {
			isa = PBXProject;
			attributes = {
				BuildIndependentTargetsInParallel = 1;
				LastSwiftUpdateCheck = 1530;
				LastUpgradeCheck = 1530;
				TargetAttributes = {
					841B431D2BE87AC600D1B490 = {
						CreatedOnToolsVersion = 15.3;
					};
					841B43332BE87AC900D1B490 = {
						CreatedOnToolsVersion = 15.3;
						TestTargetID = 841B431D2BE87AC600D1B490;
					};
					841B433D2BE87AC900D1B490 = {
						CreatedOnToolsVersion = 15.3;
						TestTargetID = 841B431D2BE87AC600D1B490;
					};
				};
			};
			buildConfigurationList = 841B43192BE87AC600D1B490 /* Build configuration list for PBXProject "Rikkeify" */;
			compatibilityVersion = "Xcode 14.0";
			developmentRegion = en;
			hasScannedForEncodings = 0;
			knownRegions = (
				en,
				Base,
			);
			mainGroup = 841B43152BE87AC600D1B490;
			productRefGroup = 841B431F2BE87AC600D1B490 /* Products */;
			projectDirPath = "";
			projectRoot = "";
			targets = (
				841B431D2BE87AC600D1B490 /* Rikkeify */,
				841B43332BE87AC900D1B490 /* RikkeifyTests */,
				841B433D2BE87AC900D1B490 /* RikkeifyUITests */,
			);
		};
/* End PBXProject section */

/* Begin PBXResourcesBuildPhase section */
		841B431C2BE87AC600D1B490 /* Resources */ = {
			isa = PBXResourcesBuildPhase;
			buildActionMask = 2147483647;
			files = (
				84E8F1342BE8E53E00A59879 /* TrackOptionTableViewCell.xib in Resources */,
				84F771902BE9DD28006379BB /* LyricViewVC.xib in Resources */,
				841B436D2BE8965B00D1B490 /* TrackViewVC.xib in Resources */,
				84E8F12F2BE8E02900A59879 /* TrackOptionVC.xib in Resources */,
				841B432B2BE87AC800D1B490 /* Assets.xcassets in Resources */,
				84F771A42BEA0998006379BB /* TrackViewLyricTableViewCell.xib in Resources */,
				841B432E2BE87AC800D1B490 /* Base in Resources */,
			);
			runOnlyForDeploymentPostprocessing = 0;
		};
		841B43322BE87AC900D1B490 /* Resources */ = {
			isa = PBXResourcesBuildPhase;
			buildActionMask = 2147483647;
			files = (
			);
			runOnlyForDeploymentPostprocessing = 0;
		};
		841B433C2BE87AC900D1B490 /* Resources */ = {
			isa = PBXResourcesBuildPhase;
			buildActionMask = 2147483647;
			files = (
			);
			runOnlyForDeploymentPostprocessing = 0;
		};
/* End PBXResourcesBuildPhase section */

/* Begin PBXSourcesBuildPhase section */
		841B431A2BE87AC600D1B490 /* Sources */ = {
			isa = PBXSourcesBuildPhase;
			buildActionMask = 2147483647;
			files = (
				84F7718A2BE9CBF4006379BB /* IntrinsicTableView.swift in Sources */,
				84F771912BE9DD28006379BB /* LyricViewVC.swift in Sources */,
				84E8F1362BE8E96E00A59879 /* TrackOptionVM.swift in Sources */,
				841B43222BE87AC600D1B490 /* AppDelegate.swift in Sources */,
				84F771872BE9C27A006379BB /* TrackOption.swift in Sources */,
				84E8F12E2BE8E02900A59879 /* TrackOptionVC.swift in Sources */,
				84F7719B2BE9EA77006379BB /* Artist.swift in Sources */,
				84F771A72BEA1115006379BB /* LyricViewVM.swift in Sources */,
				84F771932BE9DF09006379BB /* Lyric.swift in Sources */,
				84F771A52BEA0998006379BB /* TrackViewLyricTableViewCell.swift in Sources */,
				84E8F1332BE8E53E00A59879 /* TrackOptionTableViewCell.swift in Sources */,
				84F771A02BEA068A006379BB /* UIImage+Ext.swift in Sources */,
				84F7719D2BE9FEA7006379BB /* Audio.swift in Sources */,
				84F771992BE9EA64006379BB /* Image.swift in Sources */,
				FA75A8892BE94A5A00FEB35F /* TrackViewVM.swift in Sources */,
				841B436C2BE8965B00D1B490 /* TrackViewVC.swift in Sources */,
				FA75A8872BE9491700FEB35F /* Track.swift in Sources */,
				84F771952BE9EA3A006379BB /* Album.swift in Sources */,
			);
			runOnlyForDeploymentPostprocessing = 0;
		};
		841B43302BE87AC900D1B490 /* Sources */ = {
			isa = PBXSourcesBuildPhase;
			buildActionMask = 2147483647;
			files = (
				841B43392BE87AC900D1B490 /* RikkeifyTests.swift in Sources */,
			);
			runOnlyForDeploymentPostprocessing = 0;
		};
		841B433A2BE87AC900D1B490 /* Sources */ = {
			isa = PBXSourcesBuildPhase;
			buildActionMask = 2147483647;
			files = (
				841B43452BE87AC900D1B490 /* RikkeifyUITestsLaunchTests.swift in Sources */,
				841B43432BE87AC900D1B490 /* RikkeifyUITests.swift in Sources */,
			);
			runOnlyForDeploymentPostprocessing = 0;
		};
/* End PBXSourcesBuildPhase section */

/* Begin PBXTargetDependency section */
		841B43362BE87AC900D1B490 /* PBXTargetDependency */ = {
			isa = PBXTargetDependency;
			target = 841B431D2BE87AC600D1B490 /* Rikkeify */;
			targetProxy = 841B43352BE87AC900D1B490 /* PBXContainerItemProxy */;
		};
		841B43402BE87AC900D1B490 /* PBXTargetDependency */ = {
			isa = PBXTargetDependency;
			target = 841B431D2BE87AC600D1B490 /* Rikkeify */;
			targetProxy = 841B433F2BE87AC900D1B490 /* PBXContainerItemProxy */;
		};
/* End PBXTargetDependency section */

/* Begin PBXVariantGroup section */
		841B432C2BE87AC800D1B490 /* LaunchScreen.storyboard */ = {
			isa = PBXVariantGroup;
			children = (
				841B432D2BE87AC800D1B490 /* Base */,
			);
			name = LaunchScreen.storyboard;
			sourceTree = "<group>";
		};
/* End PBXVariantGroup section */

/* Begin XCBuildConfiguration section */
		841B43462BE87AC900D1B490 /* Debug */ = {
			isa = XCBuildConfiguration;
			buildSettings = {
				ALWAYS_SEARCH_USER_PATHS = NO;
				ASSETCATALOG_COMPILER_GENERATE_SWIFT_ASSET_SYMBOL_EXTENSIONS = YES;
				CLANG_ANALYZER_NONNULL = YES;
				CLANG_ANALYZER_NUMBER_OBJECT_CONVERSION = YES_AGGRESSIVE;
				CLANG_CXX_LANGUAGE_STANDARD = "gnu++20";
				CLANG_ENABLE_MODULES = YES;
				CLANG_ENABLE_OBJC_ARC = YES;
				CLANG_ENABLE_OBJC_WEAK = YES;
				CLANG_WARN_BLOCK_CAPTURE_AUTORELEASING = YES;
				CLANG_WARN_BOOL_CONVERSION = YES;
				CLANG_WARN_COMMA = YES;
				CLANG_WARN_CONSTANT_CONVERSION = YES;
				CLANG_WARN_DEPRECATED_OBJC_IMPLEMENTATIONS = YES;
				CLANG_WARN_DIRECT_OBJC_ISA_USAGE = YES_ERROR;
				CLANG_WARN_DOCUMENTATION_COMMENTS = YES;
				CLANG_WARN_EMPTY_BODY = YES;
				CLANG_WARN_ENUM_CONVERSION = YES;
				CLANG_WARN_INFINITE_RECURSION = YES;
				CLANG_WARN_INT_CONVERSION = YES;
				CLANG_WARN_NON_LITERAL_NULL_CONVERSION = YES;
				CLANG_WARN_OBJC_IMPLICIT_RETAIN_SELF = YES;
				CLANG_WARN_OBJC_LITERAL_CONVERSION = YES;
				CLANG_WARN_OBJC_ROOT_CLASS = YES_ERROR;
				CLANG_WARN_QUOTED_INCLUDE_IN_FRAMEWORK_HEADER = YES;
				CLANG_WARN_RANGE_LOOP_ANALYSIS = YES;
				CLANG_WARN_STRICT_PROTOTYPES = YES;
				CLANG_WARN_SUSPICIOUS_MOVE = YES;
				CLANG_WARN_UNGUARDED_AVAILABILITY = YES_AGGRESSIVE;
				CLANG_WARN_UNREACHABLE_CODE = YES;
				CLANG_WARN__DUPLICATE_METHOD_MATCH = YES;
				COPY_PHASE_STRIP = NO;
				DEBUG_INFORMATION_FORMAT = dwarf;
				ENABLE_STRICT_OBJC_MSGSEND = YES;
				ENABLE_TESTABILITY = YES;
				ENABLE_USER_SCRIPT_SANDBOXING = YES;
				GCC_C_LANGUAGE_STANDARD = gnu17;
				GCC_DYNAMIC_NO_PIC = NO;
				GCC_NO_COMMON_BLOCKS = YES;
				GCC_OPTIMIZATION_LEVEL = 0;
				GCC_PREPROCESSOR_DEFINITIONS = (
					"DEBUG=1",
					"$(inherited)",
				);
				GCC_WARN_64_TO_32_BIT_CONVERSION = YES;
				GCC_WARN_ABOUT_RETURN_TYPE = YES_ERROR;
				GCC_WARN_UNDECLARED_SELECTOR = YES;
				GCC_WARN_UNINITIALIZED_AUTOS = YES_AGGRESSIVE;
				GCC_WARN_UNUSED_FUNCTION = YES;
				GCC_WARN_UNUSED_VARIABLE = YES;
				IPHONEOS_DEPLOYMENT_TARGET = 17.4;
				LOCALIZATION_PREFERS_STRING_CATALOGS = YES;
				MTL_ENABLE_DEBUG_INFO = INCLUDE_SOURCE;
				MTL_FAST_MATH = YES;
				ONLY_ACTIVE_ARCH = YES;
				SDKROOT = iphoneos;
				SWIFT_ACTIVE_COMPILATION_CONDITIONS = "DEBUG $(inherited)";
				SWIFT_OPTIMIZATION_LEVEL = "-Onone";
			};
			name = Debug;
		};
		841B43472BE87AC900D1B490 /* Release */ = {
			isa = XCBuildConfiguration;
			buildSettings = {
				ALWAYS_SEARCH_USER_PATHS = NO;
				ASSETCATALOG_COMPILER_GENERATE_SWIFT_ASSET_SYMBOL_EXTENSIONS = YES;
				CLANG_ANALYZER_NONNULL = YES;
				CLANG_ANALYZER_NUMBER_OBJECT_CONVERSION = YES_AGGRESSIVE;
				CLANG_CXX_LANGUAGE_STANDARD = "gnu++20";
				CLANG_ENABLE_MODULES = YES;
				CLANG_ENABLE_OBJC_ARC = YES;
				CLANG_ENABLE_OBJC_WEAK = YES;
				CLANG_WARN_BLOCK_CAPTURE_AUTORELEASING = YES;
				CLANG_WARN_BOOL_CONVERSION = YES;
				CLANG_WARN_COMMA = YES;
				CLANG_WARN_CONSTANT_CONVERSION = YES;
				CLANG_WARN_DEPRECATED_OBJC_IMPLEMENTATIONS = YES;
				CLANG_WARN_DIRECT_OBJC_ISA_USAGE = YES_ERROR;
				CLANG_WARN_DOCUMENTATION_COMMENTS = YES;
				CLANG_WARN_EMPTY_BODY = YES;
				CLANG_WARN_ENUM_CONVERSION = YES;
				CLANG_WARN_INFINITE_RECURSION = YES;
				CLANG_WARN_INT_CONVERSION = YES;
				CLANG_WARN_NON_LITERAL_NULL_CONVERSION = YES;
				CLANG_WARN_OBJC_IMPLICIT_RETAIN_SELF = YES;
				CLANG_WARN_OBJC_LITERAL_CONVERSION = YES;
				CLANG_WARN_OBJC_ROOT_CLASS = YES_ERROR;
				CLANG_WARN_QUOTED_INCLUDE_IN_FRAMEWORK_HEADER = YES;
				CLANG_WARN_RANGE_LOOP_ANALYSIS = YES;
				CLANG_WARN_STRICT_PROTOTYPES = YES;
				CLANG_WARN_SUSPICIOUS_MOVE = YES;
				CLANG_WARN_UNGUARDED_AVAILABILITY = YES_AGGRESSIVE;
				CLANG_WARN_UNREACHABLE_CODE = YES;
				CLANG_WARN__DUPLICATE_METHOD_MATCH = YES;
				COPY_PHASE_STRIP = NO;
				DEBUG_INFORMATION_FORMAT = "dwarf-with-dsym";
				ENABLE_NS_ASSERTIONS = NO;
				ENABLE_STRICT_OBJC_MSGSEND = YES;
				ENABLE_USER_SCRIPT_SANDBOXING = YES;
				GCC_C_LANGUAGE_STANDARD = gnu17;
				GCC_NO_COMMON_BLOCKS = YES;
				GCC_WARN_64_TO_32_BIT_CONVERSION = YES;
				GCC_WARN_ABOUT_RETURN_TYPE = YES_ERROR;
				GCC_WARN_UNDECLARED_SELECTOR = YES;
				GCC_WARN_UNINITIALIZED_AUTOS = YES_AGGRESSIVE;
				GCC_WARN_UNUSED_FUNCTION = YES;
				GCC_WARN_UNUSED_VARIABLE = YES;
				IPHONEOS_DEPLOYMENT_TARGET = 17.4;
				LOCALIZATION_PREFERS_STRING_CATALOGS = YES;
				MTL_ENABLE_DEBUG_INFO = NO;
				MTL_FAST_MATH = YES;
				SDKROOT = iphoneos;
				SWIFT_COMPILATION_MODE = wholemodule;
				VALIDATE_PRODUCT = YES;
			};
			name = Release;
		};
		841B43492BE87AC900D1B490 /* Debug */ = {
			isa = XCBuildConfiguration;
			buildSettings = {
				ASSETCATALOG_COMPILER_APPICON_NAME = AppIcon;
				ASSETCATALOG_COMPILER_GLOBAL_ACCENT_COLOR_NAME = AccentColor;
				CODE_SIGN_STYLE = Automatic;
				CURRENT_PROJECT_VERSION = 1;
				GENERATE_INFOPLIST_FILE = YES;
				INFOPLIST_FILE = Rikkeify/GlobalDefine/Info.plist;
				INFOPLIST_KEY_UIApplicationSupportsIndirectInputEvents = YES;
				INFOPLIST_KEY_UILaunchStoryboardName = LaunchScreen;
				INFOPLIST_KEY_UIMainStoryboardFile = "";
				INFOPLIST_KEY_UISupportedInterfaceOrientations = UIInterfaceOrientationPortrait;
				LD_RUNPATH_SEARCH_PATHS = (
					"$(inherited)",
					"@executable_path/Frameworks",
				);
				MARKETING_VERSION = 1.0;
				PRODUCT_BUNDLE_IDENTIFIER = org.rikkei.Rikkeify;
				PRODUCT_NAME = "$(TARGET_NAME)";
				SWIFT_EMIT_LOC_STRINGS = YES;
				SWIFT_VERSION = 5.0;
				TARGETED_DEVICE_FAMILY = "1,2";
			};
			name = Debug;
		};
		841B434A2BE87AC900D1B490 /* Release */ = {
			isa = XCBuildConfiguration;
			buildSettings = {
				ASSETCATALOG_COMPILER_APPICON_NAME = AppIcon;
				ASSETCATALOG_COMPILER_GLOBAL_ACCENT_COLOR_NAME = AccentColor;
				CODE_SIGN_STYLE = Automatic;
				CURRENT_PROJECT_VERSION = 1;
				GENERATE_INFOPLIST_FILE = YES;
				INFOPLIST_FILE = Rikkeify/GlobalDefine/Info.plist;
				INFOPLIST_KEY_UIApplicationSupportsIndirectInputEvents = YES;
				INFOPLIST_KEY_UILaunchStoryboardName = LaunchScreen;
				INFOPLIST_KEY_UIMainStoryboardFile = "";
				INFOPLIST_KEY_UISupportedInterfaceOrientations = UIInterfaceOrientationPortrait;
				LD_RUNPATH_SEARCH_PATHS = (
					"$(inherited)",
					"@executable_path/Frameworks",
				);
				MARKETING_VERSION = 1.0;
				PRODUCT_BUNDLE_IDENTIFIER = org.rikkei.Rikkeify;
				PRODUCT_NAME = "$(TARGET_NAME)";
				SWIFT_EMIT_LOC_STRINGS = YES;
				SWIFT_VERSION = 5.0;
				TARGETED_DEVICE_FAMILY = "1,2";
			};
			name = Release;
		};
		841B434C2BE87AC900D1B490 /* Debug */ = {
			isa = XCBuildConfiguration;
			buildSettings = {
				ALWAYS_EMBED_SWIFT_STANDARD_LIBRARIES = YES;
				BUNDLE_LOADER = "$(TEST_HOST)";
				CODE_SIGN_STYLE = Automatic;
				CURRENT_PROJECT_VERSION = 1;
				GENERATE_INFOPLIST_FILE = YES;
				IPHONEOS_DEPLOYMENT_TARGET = 17.4;
				MARKETING_VERSION = 1.0;
				PRODUCT_BUNDLE_IDENTIFIER = org.rikkei.RikkeifyTests;
				PRODUCT_NAME = "$(TARGET_NAME)";
				SWIFT_EMIT_LOC_STRINGS = NO;
				SWIFT_VERSION = 5.0;
				TARGETED_DEVICE_FAMILY = "1,2";
				TEST_HOST = "$(BUILT_PRODUCTS_DIR)/Rikkeify.app/$(BUNDLE_EXECUTABLE_FOLDER_PATH)/Rikkeify";
			};
			name = Debug;
		};
		841B434D2BE87AC900D1B490 /* Release */ = {
			isa = XCBuildConfiguration;
			buildSettings = {
				ALWAYS_EMBED_SWIFT_STANDARD_LIBRARIES = YES;
				BUNDLE_LOADER = "$(TEST_HOST)";
				CODE_SIGN_STYLE = Automatic;
				CURRENT_PROJECT_VERSION = 1;
				GENERATE_INFOPLIST_FILE = YES;
				IPHONEOS_DEPLOYMENT_TARGET = 17.4;
				MARKETING_VERSION = 1.0;
				PRODUCT_BUNDLE_IDENTIFIER = org.rikkei.RikkeifyTests;
				PRODUCT_NAME = "$(TARGET_NAME)";
				SWIFT_EMIT_LOC_STRINGS = NO;
				SWIFT_VERSION = 5.0;
				TARGETED_DEVICE_FAMILY = "1,2";
				TEST_HOST = "$(BUILT_PRODUCTS_DIR)/Rikkeify.app/$(BUNDLE_EXECUTABLE_FOLDER_PATH)/Rikkeify";
			};
			name = Release;
		};
		841B434F2BE87AC900D1B490 /* Debug */ = {
			isa = XCBuildConfiguration;
			buildSettings = {
				ALWAYS_EMBED_SWIFT_STANDARD_LIBRARIES = YES;
				CODE_SIGN_STYLE = Automatic;
				CURRENT_PROJECT_VERSION = 1;
				GENERATE_INFOPLIST_FILE = YES;
				MARKETING_VERSION = 1.0;
				PRODUCT_BUNDLE_IDENTIFIER = org.rikkei.RikkeifyUITests;
				PRODUCT_NAME = "$(TARGET_NAME)";
				SWIFT_EMIT_LOC_STRINGS = NO;
				SWIFT_VERSION = 5.0;
				TARGETED_DEVICE_FAMILY = "1,2";
				TEST_TARGET_NAME = Rikkeify;
			};
			name = Debug;
		};
		841B43502BE87AC900D1B490 /* Release */ = {
			isa = XCBuildConfiguration;
			buildSettings = {
				ALWAYS_EMBED_SWIFT_STANDARD_LIBRARIES = YES;
				CODE_SIGN_STYLE = Automatic;
				CURRENT_PROJECT_VERSION = 1;
				GENERATE_INFOPLIST_FILE = YES;
				MARKETING_VERSION = 1.0;
				PRODUCT_BUNDLE_IDENTIFIER = org.rikkei.RikkeifyUITests;
				PRODUCT_NAME = "$(TARGET_NAME)";
				SWIFT_EMIT_LOC_STRINGS = NO;
				SWIFT_VERSION = 5.0;
				TARGETED_DEVICE_FAMILY = "1,2";
				TEST_TARGET_NAME = Rikkeify;
			};
			name = Release;
		};
/* End XCBuildConfiguration section */

/* Begin XCConfigurationList section */
		841B43192BE87AC600D1B490 /* Build configuration list for PBXProject "Rikkeify" */ = {
			isa = XCConfigurationList;
			buildConfigurations = (
				841B43462BE87AC900D1B490 /* Debug */,
				841B43472BE87AC900D1B490 /* Release */,
			);
			defaultConfigurationIsVisible = 0;
			defaultConfigurationName = Release;
		};
		841B43482BE87AC900D1B490 /* Build configuration list for PBXNativeTarget "Rikkeify" */ = {
			isa = XCConfigurationList;
			buildConfigurations = (
				841B43492BE87AC900D1B490 /* Debug */,
				841B434A2BE87AC900D1B490 /* Release */,
			);
			defaultConfigurationIsVisible = 0;
			defaultConfigurationName = Release;
		};
		841B434B2BE87AC900D1B490 /* Build configuration list for PBXNativeTarget "RikkeifyTests" */ = {
			isa = XCConfigurationList;
			buildConfigurations = (
				841B434C2BE87AC900D1B490 /* Debug */,
				841B434D2BE87AC900D1B490 /* Release */,
			);
			defaultConfigurationIsVisible = 0;
			defaultConfigurationName = Release;
		};
		841B434E2BE87AC900D1B490 /* Build configuration list for PBXNativeTarget "RikkeifyUITests" */ = {
			isa = XCConfigurationList;
			buildConfigurations = (
				841B434F2BE87AC900D1B490 /* Debug */,
				841B43502BE87AC900D1B490 /* Release */,
			);
			defaultConfigurationIsVisible = 0;
			defaultConfigurationName = Release;
		};
/* End XCConfigurationList section */
	};
	rootObject = 841B43162BE87AC600D1B490 /* Project object */;
}
